// !$*UTF8*$!
{
	archiveVersion = 1;
	classes = {
	};
	objectVersion = 56;
	objects = {

/* Begin PBXBuildFile section */
		004E81572927D6370030DBDD /* AppDelegate.swift in Sources */ = {isa = PBXBuildFile; fileRef = 004E81562927D6370030DBDD /* AppDelegate.swift */; };
		004E81592927D6370030DBDD /* SceneDelegate.swift in Sources */ = {isa = PBXBuildFile; fileRef = 004E81582927D6370030DBDD /* SceneDelegate.swift */; };
		004E815E2927D6370030DBDD /* Main.storyboard in Resources */ = {isa = PBXBuildFile; fileRef = 004E815C2927D6370030DBDD /* Main.storyboard */; };
		004E81602927D6380030DBDD /* Assets.xcassets in Resources */ = {isa = PBXBuildFile; fileRef = 004E815F2927D6380030DBDD /* Assets.xcassets */; };
		004E81632927D6380030DBDD /* LaunchScreen.storyboard in Resources */ = {isa = PBXBuildFile; fileRef = 004E81612927D6380030DBDD /* LaunchScreen.storyboard */; };
		004E816B2927D7640030DBDD /* TableViewController.swift in Sources */ = {isa = PBXBuildFile; fileRef = 004E816A2927D7640030DBDD /* TableViewController.swift */; };
		004E816D2927D79F0030DBDD /* Profile.swift in Sources */ = {isa = PBXBuildFile; fileRef = 004E816C2927D79F0030DBDD /* Profile.swift */; };
		004E816F2927D9910030DBDD /* TableViewCell.swift in Sources */ = {isa = PBXBuildFile; fileRef = 004E816E2927D9910030DBDD /* TableViewCell.swift */; };
		004E81732927E2220030DBDD /* ViewModel.swift in Sources */ = {isa = PBXBuildFile; fileRef = 004E81722927E2220030DBDD /* ViewModel.swift */; };
		004E81752927E2730030DBDD /* TableViewViewModelType.swift in Sources */ = {isa = PBXBuildFile; fileRef = 004E81742927E2730030DBDD /* TableViewViewModelType.swift */; };
		004E81792927EFAF0030DBDD /* TableViewCellViewModelType.swift in Sources */ = {isa = PBXBuildFile; fileRef = 004E81782927EFAF0030DBDD /* TableViewCellViewModelType.swift */; };
		004E817B2927F0680030DBDD /* TableViewCellViewModel.swift in Sources */ = {isa = PBXBuildFile; fileRef = 004E817A2927F0680030DBDD /* TableViewCellViewModel.swift */; };
		004E817D2927FBF40030DBDD /* DetailViewController.swift in Sources */ = {isa = PBXBuildFile; fileRef = 004E817C2927FBF40030DBDD /* DetailViewController.swift */; };
/* End PBXBuildFile section */

/* Begin PBXFileReference section */
		004E81532927D6370030DBDD /* ProfileMVVM.app */ = {isa = PBXFileReference; explicitFileType = wrapper.application; includeInIndex = 0; path = ProfileMVVM.app; sourceTree = BUILT_PRODUCTS_DIR; };
		004E81562927D6370030DBDD /* AppDelegate.swift */ = {isa = PBXFileReference; lastKnownFileType = sourcecode.swift; path = AppDelegate.swift; sourceTree = "<group>"; };
		004E81582927D6370030DBDD /* SceneDelegate.swift */ = {isa = PBXFileReference; lastKnownFileType = sourcecode.swift; path = SceneDelegate.swift; sourceTree = "<group>"; };
		004E815D2927D6370030DBDD /* Base */ = {isa = PBXFileReference; lastKnownFileType = file.storyboard; name = Base; path = Base.lproj/Main.storyboard; sourceTree = "<group>"; };
		004E815F2927D6380030DBDD /* Assets.xcassets */ = {isa = PBXFileReference; lastKnownFileType = folder.assetcatalog; path = Assets.xcassets; sourceTree = "<group>"; };
		004E81622927D6380030DBDD /* Base */ = {isa = PBXFileReference; lastKnownFileType = file.storyboard; name = Base; path = Base.lproj/LaunchScreen.storyboard; sourceTree = "<group>"; };
		004E81642927D6380030DBDD /* Info.plist */ = {isa = PBXFileReference; lastKnownFileType = text.plist.xml; path = Info.plist; sourceTree = "<group>"; };
		004E816A2927D7640030DBDD /* TableViewController.swift */ = {isa = PBXFileReference; lastKnownFileType = sourcecode.swift; path = TableViewController.swift; sourceTree = "<group>"; };
		004E816C2927D79F0030DBDD /* Profile.swift */ = {isa = PBXFileReference; lastKnownFileType = sourcecode.swift; path = Profile.swift; sourceTree = "<group>"; };
		004E816E2927D9910030DBDD /* TableViewCell.swift */ = {isa = PBXFileReference; lastKnownFileType = sourcecode.swift; path = TableViewCell.swift; sourceTree = "<group>"; };
		004E81722927E2220030DBDD /* ViewModel.swift */ = {isa = PBXFileReference; lastKnownFileType = sourcecode.swift; path = ViewModel.swift; sourceTree = "<group>"; };
		004E81742927E2730030DBDD /* TableViewViewModelType.swift */ = {isa = PBXFileReference; lastKnownFileType = sourcecode.swift; path = TableViewViewModelType.swift; sourceTree = "<group>"; };
		004E81782927EFAF0030DBDD /* TableViewCellViewModelType.swift */ = {isa = PBXFileReference; lastKnownFileType = sourcecode.swift; path = TableViewCellViewModelType.swift; sourceTree = "<group>"; };
		004E817A2927F0680030DBDD /* TableViewCellViewModel.swift */ = {isa = PBXFileReference; lastKnownFileType = sourcecode.swift; path = TableViewCellViewModel.swift; sourceTree = "<group>"; };
		004E817C2927FBF40030DBDD /* DetailViewController.swift */ = {isa = PBXFileReference; lastKnownFileType = sourcecode.swift; path = DetailViewController.swift; sourceTree = "<group>"; };
/* End PBXFileReference section */

/* Begin PBXFrameworksBuildPhase section */
		004E81502927D6370030DBDD /* Frameworks */ = {
			isa = PBXFrameworksBuildPhase;
			buildActionMask = 2147483647;
			files = (
			);
			runOnlyForDeploymentPostprocessing = 0;
		};
/* End PBXFrameworksBuildPhase section */

/* Begin PBXGroup section */
		004E814A2927D6370030DBDD = {
			isa = PBXGroup;
			children = (
				004E81552927D6370030DBDD /* ProfileMVVM */,
				004E81542927D6370030DBDD /* Products */,
			);
			sourceTree = "<group>";
		};
		004E81542927D6370030DBDD /* Products */ = {
			isa = PBXGroup;
			children = (
				004E81532927D6370030DBDD /* ProfileMVVM.app */,
			);
			name = Products;
			sourceTree = "<group>";
		};
		004E81552927D6370030DBDD /* ProfileMVVM */ = {
			isa = PBXGroup;
			children = (
				004E81562927D6370030DBDD /* AppDelegate.swift */,
				004E81582927D6370030DBDD /* SceneDelegate.swift */,
				004E815C2927D6370030DBDD /* Main.storyboard */,
				004E81612927D6380030DBDD /* LaunchScreen.storyboard */,
				004E815F2927D6380030DBDD /* Assets.xcassets */,
				004E81642927D6380030DBDD /* Info.plist */,
				004E81702927DA1F0030DBDD /* Model */,
				004E81712927DA270030DBDD /* View */,
				004E81762927E2EC0030DBDD /* ViewModel */,
				004E81772927E2F20030DBDD /* Protocols */,
			);
			path = ProfileMVVM;
			sourceTree = "<group>";
		};
		004E81702927DA1F0030DBDD /* Model */ = {
			isa = PBXGroup;
			children = (
				004E816C2927D79F0030DBDD /* Profile.swift */,
			);
			path = Model;
			sourceTree = "<group>";
		};
		004E81712927DA270030DBDD /* View */ = {
			isa = PBXGroup;
			children = (
				004E816A2927D7640030DBDD /* TableViewController.swift */,
				004E816E2927D9910030DBDD /* TableViewCell.swift */,
				004E817C2927FBF40030DBDD /* DetailViewController.swift */,
			);
			path = View;
			sourceTree = "<group>";
		};
		004E81762927E2EC0030DBDD /* ViewModel */ = {
			isa = PBXGroup;
			children = (
				004E81722927E2220030DBDD /* ViewModel.swift */,
				004E817A2927F0680030DBDD /* TableViewCellViewModel.swift */,
			);
			path = ViewModel;
			sourceTree = "<group>";
		};
		004E81772927E2F20030DBDD /* Protocols */ = {
			isa = PBXGroup;
			children = (
				004E81742927E2730030DBDD /* TableViewViewModelType.swift */,
				004E81782927EFAF0030DBDD /* TableViewCellViewModelType.swift */,
			);
			path = Protocols;
			sourceTree = "<group>";
		};
/* End PBXGroup section */

/* Begin PBXNativeTarget section */
		004E81522927D6370030DBDD /* ProfileMVVM */ = {
			isa = PBXNativeTarget;
			buildConfigurationList = 004E81672927D6380030DBDD /* Build configuration list for PBXNativeTarget "ProfileMVVM" */;
			buildPhases = (
				004E814F2927D6370030DBDD /* Sources */,
				004E81502927D6370030DBDD /* Frameworks */,
				004E81512927D6370030DBDD /* Resources */,
			);
			buildRules = (
			);
			dependencies = (
			);
			name = ProfileMVVM;
			productName = ProfileMVVM;
			productReference = 004E81532927D6370030DBDD /* ProfileMVVM.app */;
			productType = "com.apple.product-type.application";
		};
/* End PBXNativeTarget section */

/* Begin PBXProject section */
		004E814B2927D6370030DBDD /* Project object */ = {
			isa = PBXProject;
			attributes = {
				BuildIndependentTargetsInParallel = 1;
				LastSwiftUpdateCheck = 1400;
				LastUpgradeCheck = 1400;
				TargetAttributes = {
					004E81522927D6370030DBDD = {
						CreatedOnToolsVersion = 14.0;
					};
				};
			};
			buildConfigurationList = 004E814E2927D6370030DBDD /* Build configuration list for PBXProject "ProfileMVVM" */;
			compatibilityVersion = "Xcode 14.0";
			developmentRegion = en;
			hasScannedForEncodings = 0;
			knownRegions = (
				en,
				Base,
			);
			mainGroup = 004E814A2927D6370030DBDD;
			productRefGroup = 004E81542927D6370030DBDD /* Products */;
			projectDirPath = "";
			projectRoot = "";
			targets = (
				004E81522927D6370030DBDD /* ProfileMVVM */,
			);
		};
/* End PBXProject section */

/* Begin PBXResourcesBuildPhase section */
		004E81512927D6370030DBDD /* Resources */ = {
			isa = PBXResourcesBuildPhase;
			buildActionMask = 2147483647;
			files = (
				004E81632927D6380030DBDD /* LaunchScreen.storyboard in Resources */,
				004E81602927D6380030DBDD /* Assets.xcassets in Resources */,
				004E815E2927D6370030DBDD /* Main.storyboard in Resources */,
			);
			runOnlyForDeploymentPostprocessing = 0;
		};
/* End PBXResourcesBuildPhase section */

/* Begin PBXSourcesBuildPhase section */
		004E814F2927D6370030DBDD /* Sources */ = {
			isa = PBXSourcesBuildPhase;
			buildActionMask = 2147483647;
			files = (
				004E81792927EFAF0030DBDD /* TableViewCellViewModelType.swift in Sources */,
				004E816F2927D9910030DBDD /* TableViewCell.swift in Sources */,
				004E81572927D6370030DBDD /* AppDelegate.swift in Sources */,
				004E816D2927D79F0030DBDD /* Profile.swift in Sources */,
				004E816B2927D7640030DBDD /* TableViewController.swift in Sources */,
				004E81752927E2730030DBDD /* TableViewViewModelType.swift in Sources */,
				004E817B2927F0680030DBDD /* TableViewCellViewModel.swift in Sources */,
				004E817D2927FBF40030DBDD /* DetailViewController.swift in Sources */,
				004E81732927E2220030DBDD /* ViewModel.swift in Sources */,
				004E81592927D6370030DBDD /* SceneDelegate.swift in Sources */,
			);
			runOnlyForDeploymentPostprocessing = 0;
		};
/* End PBXSourcesBuildPhase section */

/* Begin PBXVariantGroup section */
		004E815C2927D6370030DBDD /* Main.storyboard */ = {
			isa = PBXVariantGroup;
			children = (
				004E815D2927D6370030DBDD /* Base */,
			);
			name = Main.storyboard;
			sourceTree = "<group>";
		};
		004E81612927D6380030DBDD /* LaunchScreen.storyboard */ = {
			isa = PBXVariantGroup;
			children = (
				004E81622927D6380030DBDD /* Base */,
			);
			name = LaunchScreen.storyboard;
			sourceTree = "<group>";
		};
/* End PBXVariantGroup section */

/* Begin XCBuildConfiguration section */
		004E81652927D6380030DBDD /* Debug */ = {
			isa = XCBuildConfiguration;
			buildSettings = {
				ALWAYS_SEARCH_USER_PATHS = NO;
				CLANG_ANALYZER_NONNULL = YES;
				CLANG_ANALYZER_NUMBER_OBJECT_CONVERSION = YES_AGGRESSIVE;
				CLANG_CXX_LANGUAGE_STANDARD = "gnu++20";
				CLANG_ENABLE_MODULES = YES;
				CLANG_ENABLE_OBJC_ARC = YES;
				CLANG_ENABLE_OBJC_WEAK = YES;
				CLANG_WARN_BLOCK_CAPTURE_AUTORELEASING = YES;
				CLANG_WARN_BOOL_CONVERSION = YES;
				CLANG_WARN_COMMA = YES;
				CLANG_WARN_CONSTANT_CONVERSION = YES;
				CLANG_WARN_DEPRECATED_OBJC_IMPLEMENTATIONS = YES;
				CLANG_WARN_DIRECT_OBJC_ISA_USAGE = YES_ERROR;
				CLANG_WARN_DOCUMENTATION_COMMENTS = YES;
				CLANG_WARN_EMPTY_BODY = YES;
				CLANG_WARN_ENUM_CONVERSION = YES;
				CLANG_WARN_INFINITE_RECURSION = YES;
				CLANG_WARN_INT_CONVERSION = YES;
				CLANG_WARN_NON_LITERAL_NULL_CONVERSION = YES;
				CLANG_WARN_OBJC_IMPLICIT_RETAIN_SELF = YES;
				CLANG_WARN_OBJC_LITERAL_CONVERSION = YES;
				CLANG_WARN_OBJC_ROOT_CLASS = YES_ERROR;
				CLANG_WARN_QUOTED_INCLUDE_IN_FRAMEWORK_HEADER = YES;
				CLANG_WARN_RANGE_LOOP_ANALYSIS = YES;
				CLANG_WARN_STRICT_PROTOTYPES = YES;
				CLANG_WARN_SUSPICIOUS_MOVE = YES;
				CLANG_WARN_UNGUARDED_AVAILABILITY = YES_AGGRESSIVE;
				CLANG_WARN_UNREACHABLE_CODE = YES;
				CLANG_WARN__DUPLICATE_METHOD_MATCH = YES;
				COPY_PHASE_STRIP = NO;
				DEBUG_INFORMATION_FORMAT = dwarf;
				ENABLE_STRICT_OBJC_MSGSEND = YES;
				ENABLE_TESTABILITY = YES;
				GCC_C_LANGUAGE_STANDARD = gnu11;
				GCC_DYNAMIC_NO_PIC = NO;
				GCC_NO_COMMON_BLOCKS = YES;
				GCC_OPTIMIZATION_LEVEL = 0;
				GCC_PREPROCESSOR_DEFINITIONS = (
					"DEBUG=1",
					"$(inherited)",
				);
				GCC_WARN_64_TO_32_BIT_CONVERSION = YES;
				GCC_WARN_ABOUT_RETURN_TYPE = YES_ERROR;
				GCC_WARN_UNDECLARED_SELECTOR = YES;
				GCC_WARN_UNINITIALIZED_AUTOS = YES_AGGRESSIVE;
				GCC_WARN_UNUSED_FUNCTION = YES;
				GCC_WARN_UNUSED_VARIABLE = YES;
				IPHONEOS_DEPLOYMENT_TARGET = 16.0;
				MTL_ENABLE_DEBUG_INFO = INCLUDE_SOURCE;
				MTL_FAST_MATH = YES;
				ONLY_ACTIVE_ARCH = YES;
				SDKROOT = iphoneos;
				SWIFT_ACTIVE_COMPILATION_CONDITIONS = DEBUG;
				SWIFT_OPTIMIZATION_LEVEL = "-Onone";
			};
			name = Debug;
		};
		004E81662927D6380030DBDD /* Release */ = {
			isa = XCBuildConfiguration;
			buildSettings = {
				ALWAYS_SEARCH_USER_PATHS = NO;
				CLANG_ANALYZER_NONNULL = YES;
				CLANG_ANALYZER_NUMBER_OBJECT_CONVERSION = YES_AGGRESSIVE;
				CLANG_CXX_LANGUAGE_STANDARD = "gnu++20";
				CLANG_ENABLE_MODULES = YES;
				CLANG_ENABLE_OBJC_ARC = YES;
				CLANG_ENABLE_OBJC_WEAK = YES;
				CLANG_WARN_BLOCK_CAPTURE_AUTORELEASING = YES;
				CLANG_WARN_BOOL_CONVERSION = YES;
				CLANG_WARN_COMMA = YES;
				CLANG_WARN_CONSTANT_CONVERSION = YES;
				CLANG_WARN_DEPRECATED_OBJC_IMPLEMENTATIONS = YES;
				CLANG_WARN_DIRECT_OBJC_ISA_USAGE = YES_ERROR;
				CLANG_WARN_DOCUMENTATION_COMMENTS = YES;
				CLANG_WARN_EMPTY_BODY = YES;
				CLANG_WARN_ENUM_CONVERSION = YES;
				CLANG_WARN_INFINITE_RECURSION = YES;
				CLANG_WARN_INT_CONVERSION = YES;
				CLANG_WARN_NON_LITERAL_NULL_CONVERSION = YES;
				CLANG_WARN_OBJC_IMPLICIT_RETAIN_SELF = YES;
				CLANG_WARN_OBJC_LITERAL_CONVERSION = YES;
				CLANG_WARN_OBJC_ROOT_CLASS = YES_ERROR;
				CLANG_WARN_QUOTED_INCLUDE_IN_FRAMEWORK_HEADER = YES;
				CLANG_WARN_RANGE_LOOP_ANALYSIS = YES;
				CLANG_WARN_STRICT_PROTOTYPES = YES;
				CLANG_WARN_SUSPICIOUS_MOVE = YES;
				CLANG_WARN_UNGUARDED_AVAILABILITY = YES_AGGRESSIVE;
				CLANG_WARN_UNREACHABLE_CODE = YES;
				CLANG_WARN__DUPLICATE_METHOD_MATCH = YES;
				COPY_PHASE_STRIP = NO;
				DEBUG_INFORMATION_FORMAT = "dwarf-with-dsym";
				ENABLE_NS_ASSERTIONS = NO;
				ENABLE_STRICT_OBJC_MSGSEND = YES;
				GCC_C_LANGUAGE_STANDARD = gnu11;
				GCC_NO_COMMON_BLOCKS = YES;
				GCC_WARN_64_TO_32_BIT_CONVERSION = YES;
				GCC_WARN_ABOUT_RETURN_TYPE = YES_ERROR;
				GCC_WARN_UNDECLARED_SELECTOR = YES;
				GCC_WARN_UNINITIALIZED_AUTOS = YES_AGGRESSIVE;
				GCC_WARN_UNUSED_FUNCTION = YES;
				GCC_WARN_UNUSED_VARIABLE = YES;
				IPHONEOS_DEPLOYMENT_TARGET = 16.0;
				MTL_ENABLE_DEBUG_INFO = NO;
				MTL_FAST_MATH = YES;
				SDKROOT = iphoneos;
				SWIFT_COMPILATION_MODE = wholemodule;
				SWIFT_OPTIMIZATION_LEVEL = "-O";
				VALIDATE_PRODUCT = YES;
			};
			name = Release;
		};
		004E81682927D6380030DBDD /* Debug */ = {
			isa = XCBuildConfiguration;
			buildSettings = {
				ASSETCATALOG_COMPILER_APPICON_NAME = AppIcon;
				ASSETCATALOG_COMPILER_GLOBAL_ACCENT_COLOR_NAME = AccentColor;
				CODE_SIGN_STYLE = Automatic;
				CURRENT_PROJECT_VERSION = 1;
				DEVELOPMENT_TEAM = W9FSXFWG34;
				GENERATE_INFOPLIST_FILE = YES;
				INFOPLIST_FILE = ProfileMVVM/Info.plist;
				INFOPLIST_KEY_UIApplicationSupportsIndirectInputEvents = YES;
				INFOPLIST_KEY_UILaunchStoryboardName = LaunchScreen;
				INFOPLIST_KEY_UIMainStoryboardFile = Main;
				INFOPLIST_KEY_UISupportedInterfaceOrientations_iPad = "UIInterfaceOrientationPortrait UIInterfaceOrientationPortraitUpsideDown UIInterfaceOrientationLandscapeLeft UIInterfaceOrientationLandscapeRight";
				INFOPLIST_KEY_UISupportedInterfaceOrientations_iPhone = "UIInterfaceOrientationPortrait UIInterfaceOrientationLandscapeLeft UIInterfaceOrientationLandscapeRight";
				LD_RUNPATH_SEARCH_PATHS = (
					"$(inherited)",
					"@executable_path/Frameworks",
				);
				MARKETING_VERSION = 1.0;
				PRODUCT_BUNDLE_IDENTIFIER = artemorlov.ProfileMVVM;
				PRODUCT_NAME = "$(TARGET_NAME)";
				SWIFT_EMIT_LOC_STRINGS = YES;
				SWIFT_VERSION = 5.0;
				TARGETED_DEVICE_FAMILY = "1,2";
			};
			name = Debug;
		};
		004E81692927D6380030DBDD /* Release */ = {
			isa = XCBuildConfiguration;
			buildSettings = {
				ASSETCATALOG_COMPILER_APPICON_NAME = AppIcon;
				ASSETCATALOG_COMPILER_GLOBAL_ACCENT_COLOR_NAME = AccentColor;
				CODE_SIGN_STYLE = Automatic;
				CURRENT_PROJECT_VERSION = 1;
				DEVELOPMENT_TEAM = W9FSXFWG34;
				GENERATE_INFOPLIST_FILE = YES;
				INFOPLIST_FILE = ProfileMVVM/Info.plist;
				INFOPLIST_KEY_UIApplicationSupportsIndirectInputEvents = YES;
				INFOPLIST_KEY_UILaunchStoryboardName = LaunchScreen;
				INFOPLIST_KEY_UIMainStoryboardFile = Main;
				INFOPLIST_KEY_UISupportedInterfaceOrientations_iPad = "UIInterfaceOrientationPortrait UIInterfaceOrientationPortraitUpsideDown UIInterfaceOrientationLandscapeLeft UIInterfaceOrientationLandscapeRight";
				INFOPLIST_KEY_UISupportedInterfaceOrientations_iPhone = "UIInterfaceOrientationPortrait UIInterfaceOrientationLandscapeLeft UIInterfaceOrientationLandscapeRight";
				LD_RUNPATH_SEARCH_PATHS = (
					"$(inherited)",
					"@executable_path/Frameworks",
				);
				MARKETING_VERSION = 1.0;
				PRODUCT_BUNDLE_IDENTIFIER = artemorlov.ProfileMVVM;
				PRODUCT_NAME = "$(TARGET_NAME)";
				SWIFT_EMIT_LOC_STRINGS = YES;
				SWIFT_VERSION = 5.0;
				TARGETED_DEVICE_FAMILY = "1,2";
			};
			name = Release;
		};
/* End XCBuildConfiguration section */

/* Begin XCConfigurationList section */
		004E814E2927D6370030DBDD /* Build configuration list for PBXProject "ProfileMVVM" */ = {
			isa = XCConfigurationList;
			buildConfigurations = (
				004E81652927D6380030DBDD /* Debug */,
				004E81662927D6380030DBDD /* Release */,
			);
			defaultConfigurationIsVisible = 0;
			defaultConfigurationName = Release;
		};
		004E81672927D6380030DBDD /* Build configuration list for PBXNativeTarget "ProfileMVVM" */ = {
			isa = XCConfigurationList;
			buildConfigurations = (
				004E81682927D6380030DBDD /* Debug */,
				004E81692927D6380030DBDD /* Release */,
			);
			defaultConfigurationIsVisible = 0;
			defaultConfigurationName = Release;
		};
/* End XCConfigurationList section */
	};
	rootObject = 004E814B2927D6370030DBDD /* Project object */;
}
